
Microsoft Visual Studio Solution File, Format Version 12.00
# Visual Studio 15
VisualStudioVersion = 15.0.28307.572
MinimumVisualStudioVersion = 10.0.40219.1
Project("{8BC9CEB8-8B4A-11D0-8D11-00A0C91BC942}") = "dictionary_sort", "dictionary_sort\dictionary_sort.vcxproj", "{62B795FB-8A40-4AF8-98C8-E4A9741607E0}"
EndProject
Global
	GlobalSection(SolutionConfigurationPlatforms) = preSolution
		Debug|x64 = Debug|x64
		Debug|x86 = Debug|x86
		Release|x64 = Release|x64
		Release|x86 = Release|x86
	EndGlobalSection
	GlobalSection(ProjectConfigurationPlatforms) = postSolution
		{62B795FB-8A40-4AF8-98C8-E4A9741607E0}.Debug|x64.ActiveCfg = Debug|x64
		{62B795FB-8A40-4AF8-98C8-E4A9741607E0}.Debug|x64.Build.0 = Debug|x64
		{62B795FB-8A40-4AF8-98C8-E4A9741607E0}.Debug|x86.ActiveCfg = Debug|Win32
		{62B795FB-8A40-4AF8-98C8-E4A9741607E0}.Debug|x86.Build.0 = Debug|Win32
		{62B795FB-8A40-4AF8-98C8-E4A9741607E0}.Release|x64.ActiveCfg = Release|x64
		{62B795FB-8A40-4AF8-98C8-E4A9741607E0}.Release|x64.Build.0 = Release|x64
		{62B795FB-8A40-4AF8-98C8-E4A9741607E0}.Release|x86.ActiveCfg = Release|Win32
		{62B795FB-8A40-4AF8-98C8-E4A9741607E0}.Release|x86.Build.0 = Release|Win32
	EndGlobalSection
	GlobalSection(SolutionProperties) = preSolution
		HideSolutionNode = FALSE
	EndGlobalSection
	GlobalSection(ExtensibilityGlobals) = postSolution
		SolutionGuid = {7A67189B-30A6-4E4A-A231-798187404299}
	EndGlobalSection
EndGlobal
